
Microsoft Visual Studio Solution File, Format Version 12.00
# Visual Studio Version 17
VisualStudioVersion = 17.8.34330.188
MinimumVisualStudioVersion = 10.0.40219.1
Project("{FAE04EC0-301F-11D3-BF4B-00C04F79EFBC}") = "TransIP.Client", "TransIP.Client\TransIP.Client.csproj", "{C040B543-8935-49FE-B9BA-40C4DCE7C4A2}"
EndProject
Global
	GlobalSection(SolutionConfigurationPlatforms) = preSolution
		Debug|Any CPU = Debug|Any CPU
		Release|Any CPU = Release|Any CPU
	EndGlobalSection
	GlobalSection(ProjectConfigurationPlatforms) = postSolution
		{C040B543-8935-49FE-B9BA-40C4DCE7C4A2}.Debug|Any CPU.ActiveCfg = Debug|Any CPU
		{C040B543-8935-49FE-B9BA-40C4DCE7C4A2}.Debug|Any CPU.Build.0 = Debug|Any CPU
		{C040B543-8935-49FE-B9BA-40C4DCE7C4A2}.Release|Any CPU.ActiveCfg = Release|Any CPU
		{C040B543-8935-49FE-B9BA-40C4DCE7C4A2}.Release|Any CPU.Build.0 = Release|Any CPU
	EndGlobalSection
	GlobalSection(SolutionProperties) = preSolution
		HideSolutionNode = FALSE
	EndGlobalSection
	GlobalSection(ExtensibilityGlobals) = postSolution
		SolutionGuid = {11E47C70-9BBC-4D83-BE74-90B50F12FDA7}
	EndGlobalSection
EndGlobal
